
Microsoft Visual Studio Solution File, Format Version 12.00
# Visual Studio 14
VisualStudioVersion = 14.0.25420.1
MinimumVisualStudioVersion = 10.0.40219.1
Project("{2150E333-8FDC-42A3-9474-1A3956D46DE8}") = "src", "src", "{5A63F27E-369C-4EC3-B22A-B3E90BCA42CE}"
EndProject
Project("{2150E333-8FDC-42A3-9474-1A3956D46DE8}") = "Solution Items", "Solution Items", "{01DD445B-D80D-472F-8D55-92C3720A9425}"
	ProjectSection(SolutionItems) = preProject
		global.json = global.json
	EndProjectSection
EndProject
Project("{8BB2217D-0F2D-49D1-97BC-3654ED321F3B}") = "CSharp_EventService", "src\CSharp_EventService\CSharp_EventService.xproj", "{12D6BBB5-AF51-4287-82FE-5B7D1EF3A778}"
EndProject
Global
	GlobalSection(SolutionConfigurationPlatforms) = preSolution
		Debug|Any CPU = Debug|Any CPU
		Release|Any CPU = Release|Any CPU
	EndGlobalSection
	GlobalSection(ProjectConfigurationPlatforms) = postSolution
		{12D6BBB5-AF51-4287-82FE-5B7D1EF3A778}.Debug|Any CPU.ActiveCfg = Debug|Any CPU
		{12D6BBB5-AF51-4287-82FE-5B7D1EF3A778}.Debug|Any CPU.Build.0 = Debug|Any CPU
		{12D6BBB5-AF51-4287-82FE-5B7D1EF3A778}.Release|Any CPU.ActiveCfg = Release|Any CPU
		{12D6BBB5-AF51-4287-82FE-5B7D1EF3A778}.Release|Any CPU.Build.0 = Release|Any CPU
	EndGlobalSection
	GlobalSection(SolutionProperties) = preSolution
		HideSolutionNode = FALSE
	EndGlobalSection
	GlobalSection(NestedProjects) = preSolution
		{12D6BBB5-AF51-4287-82FE-5B7D1EF3A778} = {5A63F27E-369C-4EC3-B22A-B3E90BCA42CE}
	EndGlobalSection
EndGlobal
